
Microsoft Visual Studio Solution File, Format Version 12.00
# Visual Studio Version 16
VisualStudioVersion = 16.0.28922.388
MinimumVisualStudioVersion = 10.0.40219.1
Project("{FAE04EC0-301F-11D3-BF4B-00C04F79EFBC}") = "FactoryPattern", "FactoryPattern\FactoryPattern.csproj", "{43F5E5CA-9EFF-4F29-800C-B73D2C579854}"
EndProject
Global
	GlobalSection(SolutionConfigurationPlatforms) = preSolution
		Debug|Any CPU = Debug|Any CPU
		Release|Any CPU = Release|Any CPU
	EndGlobalSection
	GlobalSection(ProjectConfigurationPlatforms) = postSolution
		{43F5E5CA-9EFF-4F29-800C-B73D2C579854}.Debug|Any CPU.ActiveCfg = Debug|Any CPU
		{43F5E5CA-9EFF-4F29-800C-B73D2C579854}.Debug|Any CPU.Build.0 = Debug|Any CPU
		{43F5E5CA-9EFF-4F29-800C-B73D2C579854}.Release|Any CPU.ActiveCfg = Release|Any CPU
		{43F5E5CA-9EFF-4F29-800C-B73D2C579854}.Release|Any CPU.Build.0 = Release|Any CPU
	EndGlobalSection
	GlobalSection(SolutionProperties) = preSolution
		HideSolutionNode = FALSE
	EndGlobalSection
	GlobalSection(ExtensibilityGlobals) = postSolution
		SolutionGuid = {4925BA11-86D3-46DA-8904-AD27DE7B19AF}
	EndGlobalSection
EndGlobal
