
Microsoft Visual Studio Solution File, Format Version 12.00
# Visual Studio Version 16
VisualStudioVersion = 16.0.29009.5
MinimumVisualStudioVersion = 10.0.40219.1
Project("{151D2E53-A2C4-4D7D-83FE-D05416EBD58E}") = "HTTPRequest", "HTTPRequest\HTTPRequest.deployproj", "{F8F0CFF3-AD85-4EAA-A5D6-747D5FE14536}"
EndProject
Global
	GlobalSection(SolutionConfigurationPlatforms) = preSolution
		Debug|Any CPU = Debug|Any CPU
		Release|Any CPU = Release|Any CPU
	EndGlobalSection
	GlobalSection(ProjectConfigurationPlatforms) = postSolution
		{F8F0CFF3-AD85-4EAA-A5D6-747D5FE14536}.Debug|Any CPU.ActiveCfg = Debug|Any CPU
		{F8F0CFF3-AD85-4EAA-A5D6-747D5FE14536}.Debug|Any CPU.Build.0 = Debug|Any CPU
		{F8F0CFF3-AD85-4EAA-A5D6-747D5FE14536}.Release|Any CPU.ActiveCfg = Release|Any CPU
		{F8F0CFF3-AD85-4EAA-A5D6-747D5FE14536}.Release|Any CPU.Build.0 = Release|Any CPU
	EndGlobalSection
	GlobalSection(SolutionProperties) = preSolution
		HideSolutionNode = FALSE
	EndGlobalSection
	GlobalSection(ExtensibilityGlobals) = postSolution
		SolutionGuid = {B7E72B16-0D31-4CE6-975B-D93E2C71AFC1}
	EndGlobalSection
EndGlobal
