
Microsoft Visual Studio Solution File, Format Version 12.00
# Visual Studio Version 16
VisualStudioVersion = 16.0.28922.388
MinimumVisualStudioVersion = 10.0.40219.1
Project("{FAE04EC0-301F-11D3-BF4B-00C04F79EFBC}") = "TextRPG", "TextRPG\TextRPG.csproj", "{447F131B-2EA7-4822-BC28-C75D5B368C23}"
EndProject
Global
	GlobalSection(SolutionConfigurationPlatforms) = preSolution
		Debug|Any CPU = Debug|Any CPU
		Release|Any CPU = Release|Any CPU
	EndGlobalSection
	GlobalSection(ProjectConfigurationPlatforms) = postSolution
		{447F131B-2EA7-4822-BC28-C75D5B368C23}.Debug|Any CPU.ActiveCfg = Debug|Any CPU
		{447F131B-2EA7-4822-BC28-C75D5B368C23}.Debug|Any CPU.Build.0 = Debug|Any CPU
		{447F131B-2EA7-4822-BC28-C75D5B368C23}.Release|Any CPU.ActiveCfg = Release|Any CPU
		{447F131B-2EA7-4822-BC28-C75D5B368C23}.Release|Any CPU.Build.0 = Release|Any CPU
	EndGlobalSection
	GlobalSection(SolutionProperties) = preSolution
		HideSolutionNode = FALSE
	EndGlobalSection
	GlobalSection(ExtensibilityGlobals) = postSolution
		SolutionGuid = {92BCF230-5505-48D2-8336-2A55CA527BA8}
	EndGlobalSection
EndGlobal
